
Microsoft Visual Studio Solution File, Format Version 12.00
# Visual Studio Version 17
VisualStudioVersion = 17.7.34018.315
MinimumVisualStudioVersion = 10.0.40219.1
Project("{FAE04EC0-301F-11D3-BF4B-00C04F79EFBC}") = "2001207369_HuynhGiaThuan", "2001207369_HuynhGiaThuan\2001207369_HuynhGiaThuan.csproj", "{42653E4C-9DF2-419E-8EEC-D1574DADF8C1}"
EndProject
Global
	GlobalSection(SolutionConfigurationPlatforms) = preSolution
		Debug|Any CPU = Debug|Any CPU
		Release|Any CPU = Release|Any CPU
	EndGlobalSection
	GlobalSection(ProjectConfigurationPlatforms) = postSolution
		{42653E4C-9DF2-419E-8EEC-D1574DADF8C1}.Debug|Any CPU.ActiveCfg = Debug|Any CPU
		{42653E4C-9DF2-419E-8EEC-D1574DADF8C1}.Debug|Any CPU.Build.0 = Debug|Any CPU
		{42653E4C-9DF2-419E-8EEC-D1574DADF8C1}.Release|Any CPU.ActiveCfg = Release|Any CPU
		{42653E4C-9DF2-419E-8EEC-D1574DADF8C1}.Release|Any CPU.Build.0 = Release|Any CPU
	EndGlobalSection
	GlobalSection(SolutionProperties) = preSolution
		HideSolutionNode = FALSE
	EndGlobalSection
	GlobalSection(ExtensibilityGlobals) = postSolution
		SolutionGuid = {D7F93FA3-4BA7-4998-B849-1D80463F9886}
	EndGlobalSection
EndGlobal
